// !$*UTF8*$!
{
	archiveVersion = 1;
	classes = {
	};
	objectVersion = 55;
	objects = {

/* Begin PBXBuildFile section */
		1883624A27DF685400ADEF52 /* Tests_iOS.swift in Sources */ = {isa = PBXBuildFile; fileRef = 1883624927DF685400ADEF52 /* Tests_iOS.swift */; };
		1883624C27DF685400ADEF52 /* Tests_iOSLaunchTests.swift in Sources */ = {isa = PBXBuildFile; fileRef = 1883624B27DF685400ADEF52 /* Tests_iOSLaunchTests.swift */; };
		1883625627DF685400ADEF52 /* Tests_macOS.swift in Sources */ = {isa = PBXBuildFile; fileRef = 1883625527DF685400ADEF52 /* Tests_macOS.swift */; };
		1883625827DF685400ADEF52 /* Tests_macOSLaunchTests.swift in Sources */ = {isa = PBXBuildFile; fileRef = 1883625727DF685400ADEF52 /* Tests_macOSLaunchTests.swift */; };
		1883625927DF685400ADEF52 /* ToySwiftApp.swift in Sources */ = {isa = PBXBuildFile; fileRef = 1883623127DF685300ADEF52 /* ToySwiftApp.swift */; };
		1883625A27DF685400ADEF52 /* ToySwiftApp.swift in Sources */ = {isa = PBXBuildFile; fileRef = 1883623127DF685300ADEF52 /* ToySwiftApp.swift */; };
		1883625B27DF685400ADEF52 /* ContentView.swift in Sources */ = {isa = PBXBuildFile; fileRef = 1883623227DF685300ADEF52 /* ContentView.swift */; };
		1883625C27DF685400ADEF52 /* ContentView.swift in Sources */ = {isa = PBXBuildFile; fileRef = 1883623227DF685300ADEF52 /* ContentView.swift */; };
		1883625D27DF685400ADEF52 /* Assets.xcassets in Resources */ = {isa = PBXBuildFile; fileRef = 1883623327DF685400ADEF52 /* Assets.xcassets */; };
		1883625E27DF685400ADEF52 /* Assets.xcassets in Resources */ = {isa = PBXBuildFile; fileRef = 1883623327DF685400ADEF52 /* Assets.xcassets */; };
/* End PBXBuildFile section */

/* Begin PBXContainerItemProxy section */
		1883624627DF685400ADEF52 /* PBXContainerItemProxy */ = {
			isa = PBXContainerItemProxy;
			containerPortal = 1883622C27DF685200ADEF52 /* Project object */;
			proxyType = 1;
			remoteGlobalIDString = 1883623727DF685400ADEF52;
			remoteInfo = "toy-swift (iOS)";
		};
		1883625227DF685400ADEF52 /* PBXContainerItemProxy */ = {
			isa = PBXContainerItemProxy;
			containerPortal = 1883622C27DF685200ADEF52 /* Project object */;
			proxyType = 1;
			remoteGlobalIDString = 1883623D27DF685400ADEF52;
			remoteInfo = "toy-swift (macOS)";
		};
/* End PBXContainerItemProxy section */

/* Begin PBXFileReference section */
		1883623127DF685300ADEF52 /* ToySwiftApp.swift */ = {isa = PBXFileReference; lastKnownFileType = sourcecode.swift; path = ToySwiftApp.swift; sourceTree = "<group>"; };
		1883623227DF685300ADEF52 /* ContentView.swift */ = {isa = PBXFileReference; lastKnownFileType = sourcecode.swift; path = ContentView.swift; sourceTree = "<group>"; };
		1883623327DF685400ADEF52 /* Assets.xcassets */ = {isa = PBXFileReference; lastKnownFileType = folder.assetcatalog; path = Assets.xcassets; sourceTree = "<group>"; };
		1883623827DF685400ADEF52 /* toy-swift.app */ = {isa = PBXFileReference; explicitFileType = wrapper.application; includeInIndex = 0; path = "toy-swift.app"; sourceTree = BUILT_PRODUCTS_DIR; };
		1883623E27DF685400ADEF52 /* toy-swift.app */ = {isa = PBXFileReference; explicitFileType = wrapper.application; includeInIndex = 0; path = "toy-swift.app"; sourceTree = BUILT_PRODUCTS_DIR; };
		1883624027DF685400ADEF52 /* macOS.entitlements */ = {isa = PBXFileReference; lastKnownFileType = text.plist.entitlements; path = macOS.entitlements; sourceTree = "<group>"; };
		1883624527DF685400ADEF52 /* Tests iOS.xctest */ = {isa = PBXFileReference; explicitFileType = wrapper.cfbundle; includeInIndex = 0; path = "Tests iOS.xctest"; sourceTree = BUILT_PRODUCTS_DIR; };
		1883624927DF685400ADEF52 /* Tests_iOS.swift */ = {isa = PBXFileReference; lastKnownFileType = sourcecode.swift; path = Tests_iOS.swift; sourceTree = "<group>"; };
		1883624B27DF685400ADEF52 /* Tests_iOSLaunchTests.swift */ = {isa = PBXFileReference; lastKnownFileType = sourcecode.swift; path = Tests_iOSLaunchTests.swift; sourceTree = "<group>"; };
		1883625127DF685400ADEF52 /* Tests macOS.xctest */ = {isa = PBXFileReference; explicitFileType = wrapper.cfbundle; includeInIndex = 0; path = "Tests macOS.xctest"; sourceTree = BUILT_PRODUCTS_DIR; };
		1883625527DF685400ADEF52 /* Tests_macOS.swift */ = {isa = PBXFileReference; lastKnownFileType = sourcecode.swift; path = Tests_macOS.swift; sourceTree = "<group>"; };
		1883625727DF685400ADEF52 /* Tests_macOSLaunchTests.swift */ = {isa = PBXFileReference; lastKnownFileType = sourcecode.swift; path = Tests_macOSLaunchTests.swift; sourceTree = "<group>"; };
/* End PBXFileReference section */

/* Begin PBXFrameworksBuildPhase section */
		1883623527DF685400ADEF52 /* Frameworks */ = {
			isa = PBXFrameworksBuildPhase;
			buildActionMask = 2147483647;
			files = (
			);
			runOnlyForDeploymentPostprocessing = 0;
		};
		1883623B27DF685400ADEF52 /* Frameworks */ = {
			isa = PBXFrameworksBuildPhase;
			buildActionMask = 2147483647;
			files = (
			);
			runOnlyForDeploymentPostprocessing = 0;
		};
		1883624227DF685400ADEF52 /* Frameworks */ = {
			isa = PBXFrameworksBuildPhase;
			buildActionMask = 2147483647;
			files = (
			);
			runOnlyForDeploymentPostprocessing = 0;
		};
		1883624E27DF685400ADEF52 /* Frameworks */ = {
			isa = PBXFrameworksBuildPhase;
			buildActionMask = 2147483647;
			files = (
			);
			runOnlyForDeploymentPostprocessing = 0;
		};
/* End PBXFrameworksBuildPhase section */

/* Begin PBXGroup section */
		1883622B27DF685200ADEF52 = {
			isa = PBXGroup;
			children = (
				1883623027DF685300ADEF52 /* Shared */,
				1883623F27DF685400ADEF52 /* macOS */,
				1883624827DF685400ADEF52 /* Tests iOS */,
				1883625427DF685400ADEF52 /* Tests macOS */,
				1883623927DF685400ADEF52 /* Products */,
			);
			sourceTree = "<group>";
		};
		1883623027DF685300ADEF52 /* Shared */ = {
			isa = PBXGroup;
			children = (
				1883623127DF685300ADEF52 /* ToySwiftApp.swift */,
				1883623227DF685300ADEF52 /* ContentView.swift */,
				1883623327DF685400ADEF52 /* Assets.xcassets */,
			);
			path = Shared;
			sourceTree = "<group>";
		};
		1883623927DF685400ADEF52 /* Products */ = {
			isa = PBXGroup;
			children = (
				1883623827DF685400ADEF52 /* toy-swift.app */,
				1883623E27DF685400ADEF52 /* toy-swift.app */,
				1883624527DF685400ADEF52 /* Tests iOS.xctest */,
				1883625127DF685400ADEF52 /* Tests macOS.xctest */,
			);
			name = Products;
			sourceTree = "<group>";
		};
		1883623F27DF685400ADEF52 /* macOS */ = {
			isa = PBXGroup;
			children = (
				1883624027DF685400ADEF52 /* macOS.entitlements */,
			);
			path = macOS;
			sourceTree = "<group>";
		};
		1883624827DF685400ADEF52 /* Tests iOS */ = {
			isa = PBXGroup;
			children = (
				1883624927DF685400ADEF52 /* Tests_iOS.swift */,
				1883624B27DF685400ADEF52 /* Tests_iOSLaunchTests.swift */,
			);
			path = "Tests iOS";
			sourceTree = "<group>";
		};
		1883625427DF685400ADEF52 /* Tests macOS */ = {
			isa = PBXGroup;
			children = (
				1883625527DF685400ADEF52 /* Tests_macOS.swift */,
				1883625727DF685400ADEF52 /* Tests_macOSLaunchTests.swift */,
			);
			path = "Tests macOS";
			sourceTree = "<group>";
		};
/* End PBXGroup section */

/* Begin PBXNativeTarget section */
		1883623727DF685400ADEF52 /* toy-swift (iOS) */ = {
			isa = PBXNativeTarget;
			buildConfigurationList = 1883626127DF685400ADEF52 /* Build configuration list for PBXNativeTarget "toy-swift (iOS)" */;
			buildPhases = (
				1883623427DF685400ADEF52 /* Sources */,
				1883623527DF685400ADEF52 /* Frameworks */,
				1883623627DF685400ADEF52 /* Resources */,
			);
			buildRules = (
			);
			dependencies = (
			);
			name = "toy-swift (iOS)";
			productName = "toy-swift (iOS)";
			productReference = 1883623827DF685400ADEF52 /* toy-swift.app */;
			productType = "com.apple.product-type.application";
		};
		1883623D27DF685400ADEF52 /* toy-swift (macOS) */ = {
			isa = PBXNativeTarget;
			buildConfigurationList = 1883626427DF685400ADEF52 /* Build configuration list for PBXNativeTarget "toy-swift (macOS)" */;
			buildPhases = (
				1883623A27DF685400ADEF52 /* Sources */,
				1883623B27DF685400ADEF52 /* Frameworks */,
				1883623C27DF685400ADEF52 /* Resources */,
			);
			buildRules = (
			);
			dependencies = (
			);
			name = "toy-swift (macOS)";
			productName = "toy-swift (macOS)";
			productReference = 1883623E27DF685400ADEF52 /* toy-swift.app */;
			productType = "com.apple.product-type.application";
		};
		1883624427DF685400ADEF52 /* Tests iOS */ = {
			isa = PBXNativeTarget;
			buildConfigurationList = 1883626727DF685400ADEF52 /* Build configuration list for PBXNativeTarget "Tests iOS" */;
			buildPhases = (
				1883624127DF685400ADEF52 /* Sources */,
				1883624227DF685400ADEF52 /* Frameworks */,
				1883624327DF685400ADEF52 /* Resources */,
			);
			buildRules = (
			);
			dependencies = (
				1883624727DF685400ADEF52 /* PBXTargetDependency */,
			);
			name = "Tests iOS";
			productName = "Tests iOS";
			productReference = 1883624527DF685400ADEF52 /* Tests iOS.xctest */;
			productType = "com.apple.product-type.bundle.ui-testing";
		};
		1883625027DF685400ADEF52 /* Tests macOS */ = {
			isa = PBXNativeTarget;
			buildConfigurationList = 1883626A27DF685400ADEF52 /* Build configuration list for PBXNativeTarget "Tests macOS" */;
			buildPhases = (
				1883624D27DF685400ADEF52 /* Sources */,
				1883624E27DF685400ADEF52 /* Frameworks */,
				1883624F27DF685400ADEF52 /* Resources */,
			);
			buildRules = (
			);
			dependencies = (
				1883625327DF685400ADEF52 /* PBXTargetDependency */,
			);
			name = "Tests macOS";
			productName = "Tests macOS";
			productReference = 1883625127DF685400ADEF52 /* Tests macOS.xctest */;
			productType = "com.apple.product-type.bundle.ui-testing";
		};
/* End PBXNativeTarget section */

/* Begin PBXProject section */
		1883622C27DF685200ADEF52 /* Project object */ = {
			isa = PBXProject;
			attributes = {
				BuildIndependentTargetsInParallel = 1;
				LastSwiftUpdateCheck = 1320;
				LastUpgradeCheck = 1330;
				TargetAttributes = {
					1883623727DF685400ADEF52 = {
						CreatedOnToolsVersion = 13.2.1;
					};
					1883623D27DF685400ADEF52 = {
						CreatedOnToolsVersion = 13.2.1;
					};
					1883624427DF685400ADEF52 = {
						CreatedOnToolsVersion = 13.2.1;
						TestTargetID = 1883623727DF685400ADEF52;
					};
					1883625027DF685400ADEF52 = {
						CreatedOnToolsVersion = 13.2.1;
						TestTargetID = 1883623D27DF685400ADEF52;
					};
				};
			};
			buildConfigurationList = 1883622F27DF685200ADEF52 /* Build configuration list for PBXProject "toy-swift" */;
			compatibilityVersion = "Xcode 13.0";
			developmentRegion = en;
			hasScannedForEncodings = 0;
			knownRegions = (
				en,
				Base,
			);
			mainGroup = 1883622B27DF685200ADEF52;
			productRefGroup = 1883623927DF685400ADEF52 /* Products */;
			projectDirPath = "";
			projectRoot = "";
			targets = (
				1883623727DF685400ADEF52 /* toy-swift (iOS) */,
				1883623D27DF685400ADEF52 /* toy-swift (macOS) */,
				1883624427DF685400ADEF52 /* Tests iOS */,
				1883625027DF685400ADEF52 /* Tests macOS */,
			);
		};
/* End PBXProject section */

/* Begin PBXResourcesBuildPhase section */
		1883623627DF685400ADEF52 /* Resources */ = {
			isa = PBXResourcesBuildPhase;
			buildActionMask = 2147483647;
			files = (
				1883625D27DF685400ADEF52 /* Assets.xcassets in Resources */,
			);
			runOnlyForDeploymentPostprocessing = 0;
		};
		1883623C27DF685400ADEF52 /* Resources */ = {
			isa = PBXResourcesBuildPhase;
			buildActionMask = 2147483647;
			files = (
				1883625E27DF685400ADEF52 /* Assets.xcassets in Resources */,
			);
			runOnlyForDeploymentPostprocessing = 0;
		};
		1883624327DF685400ADEF52 /* Resources */ = {
			isa = PBXResourcesBuildPhase;
			buildActionMask = 2147483647;
			files = (
			);
			runOnlyForDeploymentPostprocessing = 0;
		};
		1883624F27DF685400ADEF52 /* Resources */ = {
			isa = PBXResourcesBuildPhase;
			buildActionMask = 2147483647;
			files = (
			);
			runOnlyForDeploymentPostprocessing = 0;
		};
/* End PBXResourcesBuildPhase section */

/* Begin PBXSourcesBuildPhase section */
		1883623427DF685400ADEF52 /* Sources */ = {
			isa = PBXSourcesBuildPhase;
			buildActionMask = 2147483647;
			files = (
				1883625B27DF685400ADEF52 /* ContentView.swift in Sources */,
				1883625927DF685400ADEF52 /* ToySwiftApp.swift in Sources */,
			);
			runOnlyForDeploymentPostprocessing = 0;
		};
		1883623A27DF685400ADEF52 /* Sources */ = {
			isa = PBXSourcesBuildPhase;
			buildActionMask = 2147483647;
			files = (
				1883625C27DF685400ADEF52 /* ContentView.swift in Sources */,
				1883625A27DF685400ADEF52 /* ToySwiftApp.swift in Sources */,
			);
			runOnlyForDeploymentPostprocessing = 0;
		};
		1883624127DF685400ADEF52 /* Sources */ = {
			isa = PBXSourcesBuildPhase;
			buildActionMask = 2147483647;
			files = (
				1883624C27DF685400ADEF52 /* Tests_iOSLaunchTests.swift in Sources */,
				1883624A27DF685400ADEF52 /* Tests_iOS.swift in Sources */,
			);
			runOnlyForDeploymentPostprocessing = 0;
		};
		1883624D27DF685400ADEF52 /* Sources */ = {
			isa = PBXSourcesBuildPhase;
			buildActionMask = 2147483647;
			files = (
				1883625827DF685400ADEF52 /* Tests_macOSLaunchTests.swift in Sources */,
				1883625627DF685400ADEF52 /* Tests_macOS.swift in Sources */,
			);
			runOnlyForDeploymentPostprocessing = 0;
		};
/* End PBXSourcesBuildPhase section */

/* Begin PBXTargetDependency section */
		1883624727DF685400ADEF52 /* PBXTargetDependency */ = {
			isa = PBXTargetDependency;
			target = 1883623727DF685400ADEF52 /* toy-swift (iOS) */;
			targetProxy = 1883624627DF685400ADEF52 /* PBXContainerItemProxy */;
		};
		1883625327DF685400ADEF52 /* PBXTargetDependency */ = {
			isa = PBXTargetDependency;
			target = 1883623D27DF685400ADEF52 /* toy-swift (macOS) */;
			targetProxy = 1883625227DF685400ADEF52 /* PBXContainerItemProxy */;
		};
/* End PBXTargetDependency section */

/* Begin XCBuildConfiguration section */
		1883625F27DF685400ADEF52 /* Debug */ = {
			isa = XCBuildConfiguration;
			buildSettings = {
				ALWAYS_SEARCH_USER_PATHS = NO;
				CLANG_ANALYZER_NONNULL = YES;
				CLANG_ANALYZER_NUMBER_OBJECT_CONVERSION = YES_AGGRESSIVE;
				CLANG_CXX_LANGUAGE_STANDARD = "gnu++17";
				CLANG_CXX_LIBRARY = "libc++";
				CLANG_ENABLE_MODULES = YES;
				CLANG_ENABLE_OBJC_ARC = YES;
				CLANG_ENABLE_OBJC_WEAK = YES;
				CLANG_WARN_BLOCK_CAPTURE_AUTORELEASING = YES;
				CLANG_WARN_BOOL_CONVERSION = YES;
				CLANG_WARN_COMMA = YES;
				CLANG_WARN_CONSTANT_CONVERSION = YES;
				CLANG_WARN_DEPRECATED_OBJC_IMPLEMENTATIONS = YES;
				CLANG_WARN_DIRECT_OBJC_ISA_USAGE = YES_ERROR;
				CLANG_WARN_DOCUMENTATION_COMMENTS = YES;
				CLANG_WARN_EMPTY_BODY = YES;
				CLANG_WARN_ENUM_CONVERSION = YES;
				CLANG_WARN_INFINITE_RECURSION = YES;
				CLANG_WARN_INT_CONVERSION = YES;
				CLANG_WARN_NON_LITERAL_NULL_CONVERSION = YES;
				CLANG_WARN_OBJC_IMPLICIT_RETAIN_SELF = YES;
				CLANG_WARN_OBJC_LITERAL_CONVERSION = YES;
				CLANG_WARN_OBJC_ROOT_CLASS = YES_ERROR;
				CLANG_WARN_QUOTED_INCLUDE_IN_FRAMEWORK_HEADER = YES;
				CLANG_WARN_RANGE_LOOP_ANALYSIS = YES;
				CLANG_WARN_STRICT_PROTOTYPES = YES;
				CLANG_WARN_SUSPICIOUS_MOVE = YES;
				CLANG_WARN_UNGUARDED_AVAILABILITY = YES_AGGRESSIVE;
				CLANG_WARN_UNREACHABLE_CODE = YES;
				CLANG_WARN__DUPLICATE_METHOD_MATCH = YES;
				COPY_PHASE_STRIP = NO;
				DEBUG_INFORMATION_FORMAT = dwarf;
				ENABLE_STRICT_OBJC_MSGSEND = YES;
				ENABLE_TESTABILITY = YES;
				GCC_C_LANGUAGE_STANDARD = gnu11;
				GCC_DYNAMIC_NO_PIC = NO;
				GCC_NO_COMMON_BLOCKS = YES;
				GCC_OPTIMIZATION_LEVEL = 0;
				GCC_PREPROCESSOR_DEFINITIONS = (
					"DEBUG=1",
					"$(inherited)",
				);
				GCC_WARN_64_TO_32_BIT_CONVERSION = YES;
				GCC_WARN_ABOUT_RETURN_TYPE = YES_ERROR;
				GCC_WARN_UNDECLARED_SELECTOR = YES;
				GCC_WARN_UNINITIALIZED_AUTOS = YES_AGGRESSIVE;
				GCC_WARN_UNUSED_FUNCTION = YES;
				GCC_WARN_UNUSED_VARIABLE = YES;
				MTL_ENABLE_DEBUG_INFO = INCLUDE_SOURCE;
				MTL_FAST_MATH = YES;
				ONLY_ACTIVE_ARCH = YES;
				SWIFT_ACTIVE_COMPILATION_CONDITIONS = DEBUG;
				SWIFT_OPTIMIZATION_LEVEL = "-Onone";
			};
			name = Debug;
		};
		1883626027DF685400ADEF52 /* Release */ = {
			isa = XCBuildConfiguration;
			buildSettings = {
				ALWAYS_SEARCH_USER_PATHS = NO;
				CLANG_ANALYZER_NONNULL = YES;
				CLANG_ANALYZER_NUMBER_OBJECT_CONVERSION = YES_AGGRESSIVE;
				CLANG_CXX_LANGUAGE_STANDARD = "gnu++17";
				CLANG_CXX_LIBRARY = "libc++";
				CLANG_ENABLE_MODULES = YES;
				CLANG_ENABLE_OBJC_ARC = YES;
				CLANG_ENABLE_OBJC_WEAK = YES;
				CLANG_WARN_BLOCK_CAPTURE_AUTORELEASING = YES;
				CLANG_WARN_BOOL_CONVERSION = YES;
				CLANG_WARN_COMMA = YES;
				CLANG_WARN_CONSTANT_CONVERSION = YES;
				CLANG_WARN_DEPRECATED_OBJC_IMPLEMENTATIONS = YES;
				CLANG_WARN_DIRECT_OBJC_ISA_USAGE = YES_ERROR;
				CLANG_WARN_DOCUMENTATION_COMMENTS = YES;
				CLANG_WARN_EMPTY_BODY = YES;
				CLANG_WARN_ENUM_CONVERSION = YES;
				CLANG_WARN_INFINITE_RECURSION = YES;
				CLANG_WARN_INT_CONVERSION = YES;
				CLANG_WARN_NON_LITERAL_NULL_CONVERSION = YES;
				CLANG_WARN_OBJC_IMPLICIT_RETAIN_SELF = YES;
				CLANG_WARN_OBJC_LITERAL_CONVERSION = YES;
				CLANG_WARN_OBJC_ROOT_CLASS = YES_ERROR;
				CLANG_WARN_QUOTED_INCLUDE_IN_FRAMEWORK_HEADER = YES;
				CLANG_WARN_RANGE_LOOP_ANALYSIS = YES;
				CLANG_WARN_STRICT_PROTOTYPES = YES;
				CLANG_WARN_SUSPICIOUS_MOVE = YES;
				CLANG_WARN_UNGUARDED_AVAILABILITY = YES_AGGRESSIVE;
				CLANG_WARN_UNREACHABLE_CODE = YES;
				CLANG_WARN__DUPLICATE_METHOD_MATCH = YES;
				COPY_PHASE_STRIP = NO;
				DEBUG_INFORMATION_FORMAT = "dwarf-with-dsym";
				ENABLE_NS_ASSERTIONS = NO;
				ENABLE_STRICT_OBJC_MSGSEND = YES;
				GCC_C_LANGUAGE_STANDARD = gnu11;
				GCC_NO_COMMON_BLOCKS = YES;
				GCC_WARN_64_TO_32_BIT_CONVERSION = YES;
				GCC_WARN_ABOUT_RETURN_TYPE = YES_ERROR;
				GCC_WARN_UNDECLARED_SELECTOR = YES;
				GCC_WARN_UNINITIALIZED_AUTOS = YES_AGGRESSIVE;
				GCC_WARN_UNUSED_FUNCTION = YES;
				GCC_WARN_UNUSED_VARIABLE = YES;
				MTL_ENABLE_DEBUG_INFO = NO;
				MTL_FAST_MATH = YES;
				SWIFT_COMPILATION_MODE = wholemodule;
				SWIFT_OPTIMIZATION_LEVEL = "-O";
			};
			name = Release;
		};
		1883626227DF685400ADEF52 /* Debug */ = {
			isa = XCBuildConfiguration;
			buildSettings = {
				ASSETCATALOG_COMPILER_APPICON_NAME = AppIcon;
				ASSETCATALOG_COMPILER_GLOBAL_ACCENT_COLOR_NAME = AccentColor;
				CODE_SIGN_STYLE = Automatic;
				CURRENT_PROJECT_VERSION = 1;
				DEVELOPMENT_TEAM = Z4M9YA4Y67;
				ENABLE_PREVIEWS = YES;
				GENERATE_INFOPLIST_FILE = YES;
				INFOPLIST_KEY_UIApplicationSceneManifest_Generation = YES;
				INFOPLIST_KEY_UIApplicationSupportsIndirectInputEvents = YES;
				INFOPLIST_KEY_UILaunchScreen_Generation = YES;
				INFOPLIST_KEY_UISupportedInterfaceOrientations_iPad = "UIInterfaceOrientationPortrait UIInterfaceOrientationPortraitUpsideDown UIInterfaceOrientationLandscapeLeft UIInterfaceOrientationLandscapeRight";
				INFOPLIST_KEY_UISupportedInterfaceOrientations_iPhone = "UIInterfaceOrientationPortrait UIInterfaceOrientationLandscapeLeft UIInterfaceOrientationLandscapeRight";
				IPHONEOS_DEPLOYMENT_TARGET = 15.2;
				LD_RUNPATH_SEARCH_PATHS = (
					"$(inherited)",
					"@executable_path/Frameworks",
				);
				MARKETING_VERSION = 1.0;
				PRODUCT_BUNDLE_IDENTIFIER = "sifan.toy-swift";
				PRODUCT_NAME = "toy-swift";
				SDKROOT = iphoneos;
				SWIFT_EMIT_LOC_STRINGS = YES;
				SWIFT_VERSION = 5.0;
				TARGETED_DEVICE_FAMILY = "1,2";
			};
			name = Debug;
		};
		1883626327DF685400ADEF52 /* Release */ = {
			isa = XCBuildConfiguration;
			buildSettings = {
				ASSETCATALOG_COMPILER_APPICON_NAME = AppIcon;
				ASSETCATALOG_COMPILER_GLOBAL_ACCENT_COLOR_NAME = AccentColor;
				CODE_SIGN_STYLE = Automatic;
				CURRENT_PROJECT_VERSION = 1;
				DEVELOPMENT_TEAM = Z4M9YA4Y67;
				ENABLE_PREVIEWS = YES;
				GENERATE_INFOPLIST_FILE = YES;
				INFOPLIST_KEY_UIApplicationSceneManifest_Generation = YES;
				INFOPLIST_KEY_UIApplicationSupportsIndirectInputEvents = YES;
				INFOPLIST_KEY_UILaunchScreen_Generation = YES;
				INFOPLIST_KEY_UISupportedInterfaceOrientations_iPad = "UIInterfaceOrientationPortrait UIInterfaceOrientationPortraitUpsideDown UIInterfaceOrientationLandscapeLeft UIInterfaceOrientationLandscapeRight";
				INFOPLIST_KEY_UISupportedInterfaceOrientations_iPhone = "UIInterfaceOrientationPortrait UIInterfaceOrientationLandscapeLeft UIInterfaceOrientationLandscapeRight";
				IPHONEOS_DEPLOYMENT_TARGET = 15.2;
				LD_RUNPATH_SEARCH_PATHS = (
					"$(inherited)",
					"@executable_path/Frameworks",
				);
				MARKETING_VERSION = 1.0;
				PRODUCT_BUNDLE_IDENTIFIER = "sifan.toy-swift";
				PRODUCT_NAME = "toy-swift";
				SDKROOT = iphoneos;
				SWIFT_EMIT_LOC_STRINGS = YES;
				SWIFT_VERSION = 5.0;
				TARGETED_DEVICE_FAMILY = "1,2";
				VALIDATE_PRODUCT = YES;
			};
			name = Release;
		};
		1883626527DF685400ADEF52 /* Debug */ = {
			isa = XCBuildConfiguration;
			buildSettings = {
				ASSETCATALOG_COMPILER_APPICON_NAME = AppIcon;
				ASSETCATALOG_COMPILER_GLOBAL_ACCENT_COLOR_NAME = AccentColor;
				CODE_SIGN_ENTITLEMENTS = macOS/macOS.entitlements;
				CODE_SIGN_IDENTITY = "-";
				CODE_SIGN_STYLE = Automatic;
				COMBINE_HIDPI_IMAGES = YES;
				CURRENT_PROJECT_VERSION = 1;
				DEVELOPMENT_TEAM = Z4M9YA4Y67;
				ENABLE_HARDENED_RUNTIME = YES;
				ENABLE_PREVIEWS = YES;
				GENERATE_INFOPLIST_FILE = YES;
				INFOPLIST_KEY_NSHumanReadableCopyright = "";
				LD_RUNPATH_SEARCH_PATHS = (
					"$(inherited)",
					"@executable_path/../Frameworks",
				);
				MACOSX_DEPLOYMENT_TARGET = 12.1;
				MARKETING_VERSION = 1.0;
				PRODUCT_BUNDLE_IDENTIFIER = "sifan.toy-swift";
				PRODUCT_NAME = "toy-swift";
				SDKROOT = macosx;
				SWIFT_EMIT_LOC_STRINGS = YES;
				SWIFT_VERSION = 5.0;
			};
			name = Debug;
		};
		1883626627DF685400ADEF52 /* Release */ = {
			isa = XCBuildConfiguration;
			buildSettings = {
				ASSETCATALOG_COMPILER_APPICON_NAME = AppIcon;
				ASSETCATALOG_COMPILER_GLOBAL_ACCENT_COLOR_NAME = AccentColor;
				CODE_SIGN_ENTITLEMENTS = macOS/macOS.entitlements;
				CODE_SIGN_IDENTITY = "-";
				CODE_SIGN_STYLE = Automatic;
				COMBINE_HIDPI_IMAGES = YES;
				CURRENT_PROJECT_VERSION = 1;
				DEVELOPMENT_TEAM = Z4M9YA4Y67;
				ENABLE_HARDENED_RUNTIME = YES;
				ENABLE_PREVIEWS = YES;
				GENERATE_INFOPLIST_FILE = YES;
				INFOPLIST_KEY_NSHumanReadableCopyright = "";
				LD_RUNPATH_SEARCH_PATHS = (
					"$(inherited)",
					"@executable_path/../Frameworks",
				);
				MACOSX_DEPLOYMENT_TARGET = 12.1;
				MARKETING_VERSION = 1.0;
				PRODUCT_BUNDLE_IDENTIFIER = "sifan.toy-swift";
				PRODUCT_NAME = "toy-swift";
				SDKROOT = macosx;
				SWIFT_EMIT_LOC_STRINGS = YES;
				SWIFT_VERSION = 5.0;
			};
			name = Release;
		};
		1883626827DF685400ADEF52 /* Debug */ = {
			isa = XCBuildConfiguration;
			buildSettings = {
				ALWAYS_EMBED_SWIFT_STANDARD_LIBRARIES = YES;
				CODE_SIGN_STYLE = Automatic;
				CURRENT_PROJECT_VERSION = 1;
				DEVELOPMENT_TEAM = Z4M9YA4Y67;
				GENERATE_INFOPLIST_FILE = YES;
				IPHONEOS_DEPLOYMENT_TARGET = 15.2;
				MARKETING_VERSION = 1.0;
				PRODUCT_BUNDLE_IDENTIFIER = "sifan.Tests-iOS";
				PRODUCT_NAME = "$(TARGET_NAME)";
				SDKROOT = iphoneos;
				SWIFT_EMIT_LOC_STRINGS = NO;
				SWIFT_VERSION = 5.0;
				TARGETED_DEVICE_FAMILY = "1,2";
				TEST_TARGET_NAME = "toy-swift (iOS)";
			};
			name = Debug;
		};
		1883626927DF685400ADEF52 /* Release */ = {
			isa = XCBuildConfiguration;
			buildSettings = {
				ALWAYS_EMBED_SWIFT_STANDARD_LIBRARIES = YES;
				CODE_SIGN_STYLE = Automatic;
				CURRENT_PROJECT_VERSION = 1;
				DEVELOPMENT_TEAM = Z4M9YA4Y67;
				GENERATE_INFOPLIST_FILE = YES;
				IPHONEOS_DEPLOYMENT_TARGET = 15.2;
				MARKETING_VERSION = 1.0;
				PRODUCT_BUNDLE_IDENTIFIER = "sifan.Tests-iOS";
				PRODUCT_NAME = "$(TARGET_NAME)";
				SDKROOT = iphoneos;
				SWIFT_EMIT_LOC_STRINGS = NO;
				SWIFT_VERSION = 5.0;
				TARGETED_DEVICE_FAMILY = "1,2";
				TEST_TARGET_NAME = "toy-swift (iOS)";
				VALIDATE_PRODUCT = YES;
			};
			name = Release;
		};
		1883626B27DF685400ADEF52 /* Debug */ = {
			isa = XCBuildConfiguration;
			buildSettings = {
				ALWAYS_EMBED_SWIFT_STANDARD_LIBRARIES = YES;
				CODE_SIGN_STYLE = Automatic;
				CURRENT_PROJECT_VERSION = 1;
				DEVELOPMENT_TEAM = Z4M9YA4Y67;
				GENERATE_INFOPLIST_FILE = YES;
				MACOSX_DEPLOYMENT_TARGET = 12.1;
				MARKETING_VERSION = 1.0;
				PRODUCT_BUNDLE_IDENTIFIER = "sifan.Tests-macOS";
				PRODUCT_NAME = "$(TARGET_NAME)";
				SDKROOT = macosx;
				SWIFT_EMIT_LOC_STRINGS = NO;
				SWIFT_VERSION = 5.0;
				TEST_TARGET_NAME = "toy-swift (macOS)";
			};
			name = Debug;
		};
		1883626C27DF685400ADEF52 /* Release */ = {
			isa = XCBuildConfiguration;
			buildSettings = {
				ALWAYS_EMBED_SWIFT_STANDARD_LIBRARIES = YES;
				CODE_SIGN_STYLE = Automatic;
				CURRENT_PROJECT_VERSION = 1;
				DEVELOPMENT_TEAM = Z4M9YA4Y67;
				GENERATE_INFOPLIST_FILE = YES;
				MACOSX_DEPLOYMENT_TARGET = 12.1;
				MARKETING_VERSION = 1.0;
				PRODUCT_BUNDLE_IDENTIFIER = "sifan.Tests-macOS";
				PRODUCT_NAME = "$(TARGET_NAME)";
				SDKROOT = macosx;
				SWIFT_EMIT_LOC_STRINGS = NO;
				SWIFT_VERSION = 5.0;
				TEST_TARGET_NAME = "toy-swift (macOS)";
			};
			name = Release;
		};
/* End XCBuildConfiguration section */

/* Begin XCConfigurationList section */
		1883622F27DF685200ADEF52 /* Build configuration list for PBXProject "toy-swift" */ = {
			isa = XCConfigurationList;
			buildConfigurations = (
				1883625F27DF685400ADEF52 /* Debug */,
				1883626027DF685400ADEF52 /* Release */,
			);
			defaultConfigurationIsVisible = 0;
			defaultConfigurationName = Release;
		};
		1883626127DF685400ADEF52 /* Build configuration list for PBXNativeTarget "toy-swift (iOS)" */ = {
			isa = XCConfigurationList;
			buildConfigurations = (
				1883626227DF685400ADEF52 /* Debug */,
				1883626327DF685400ADEF52 /* Release */,
			);
			defaultConfigurationIsVisible = 0;
			defaultConfigurationName = Release;
		};
		1883626427DF685400ADEF52 /* Build configuration list for PBXNativeTarget "toy-swift (macOS)" */ = {
			isa = XCConfigurationList;
			buildConfigurations = (
				1883626527DF685400ADEF52 /* Debug */,
				1883626627DF685400ADEF52 /* Release */,
			);
			defaultConfigurationIsVisible = 0;
			defaultConfigurationName = Release;
		};
		1883626727DF685400ADEF52 /* Build configuration list for PBXNativeTarget "Tests iOS" */ = {
			isa = XCConfigurationList;
			buildConfigurations = (
				1883626827DF685400ADEF52 /* Debug */,
				1883626927DF685400ADEF52 /* Release */,
			);
			defaultConfigurationIsVisible = 0;
			defaultConfigurationName = Release;
		};
		1883626A27DF685400ADEF52 /* Build configuration list for PBXNativeTarget "Tests macOS" */ = {
			isa = XCConfigurationList;
			buildConfigurations = (
				1883626B27DF685400ADEF52 /* Debug */,
				1883626C27DF685400ADEF52 /* Release */,
			);
			defaultConfigurationIsVisible = 0;
			defaultConfigurationName = Release;
		};
/* End XCConfigurationList section */
	};
	rootObject = 1883622C27DF685200ADEF52 /* Project object */;
}
